// !$*UTF8*$!
{
	archiveVersion = 1;
	classes = {
	};
	objectVersion = 77;
	objects = {

/* Begin PBXContainerItemProxy section */
		1D40C4842D45FD8D008E7094 /* PBXContainerItemProxy */ = {
			isa = PBXContainerItemProxy;
			containerPortal = 1D40C46B2D45FD8C008E7094 /* Project object */;
			proxyType = 1;
			remoteGlobalIDString = 1D40C4722D45FD8C008E7094;
			remoteInfo = "geesehacks-project";
		};
		1D40C48E2D45FD8D008E7094 /* PBXContainerItemProxy */ = {
			isa = PBXContainerItemProxy;
			containerPortal = 1D40C46B2D45FD8C008E7094 /* Project object */;
			proxyType = 1;
			remoteGlobalIDString = 1D40C4722D45FD8C008E7094;
			remoteInfo = "geesehacks-project";
		};
/* End PBXContainerItemProxy section */

/* Begin PBXFileReference section */
		1D40C4732D45FD8C008E7094 /* geesehacks-project.app */ = {isa = PBXFileReference; explicitFileType = wrapper.application; includeInIndex = 0; path = "geesehacks-project.app"; sourceTree = BUILT_PRODUCTS_DIR; };
		1D40C4832D45FD8D008E7094 /* geesehacks-projectTests.xctest */ = {isa = PBXFileReference; explicitFileType = wrapper.cfbundle; includeInIndex = 0; path = "geesehacks-projectTests.xctest"; sourceTree = BUILT_PRODUCTS_DIR; };
		1D40C48D2D45FD8D008E7094 /* geesehacks-projectUITests.xctest */ = {isa = PBXFileReference; explicitFileType = wrapper.cfbundle; includeInIndex = 0; path = "geesehacks-projectUITests.xctest"; sourceTree = BUILT_PRODUCTS_DIR; };
/* End PBXFileReference section */

/* Begin PBXFileSystemSynchronizedRootGroup section */
		1D40C4752D45FD8C008E7094 /* geesehacks-project */ = {
			isa = PBXFileSystemSynchronizedRootGroup;
			path = "geesehacks-project";
			sourceTree = "<group>";
		};
		1D40C4862D45FD8D008E7094 /* geesehacks-projectTests */ = {
			isa = PBXFileSystemSynchronizedRootGroup;
			path = "geesehacks-projectTests";
			sourceTree = "<group>";
		};
		1D40C4902D45FD8D008E7094 /* geesehacks-projectUITests */ = {
			isa = PBXFileSystemSynchronizedRootGroup;
			path = "geesehacks-projectUITests";
			sourceTree = "<group>";
		};
/* End PBXFileSystemSynchronizedRootGroup section */

/* Begin PBXFrameworksBuildPhase section */
		1D40C4702D45FD8C008E7094 /* Frameworks */ = {
			isa = PBXFrameworksBuildPhase;
			buildActionMask = 2147483647;
			files = (
			);
			runOnlyForDeploymentPostprocessing = 0;
		};
		1D40C4802D45FD8D008E7094 /* Frameworks */ = {
			isa = PBXFrameworksBuildPhase;
			buildActionMask = 2147483647;
			files = (
			);
			runOnlyForDeploymentPostprocessing = 0;
		};
		1D40C48A2D45FD8D008E7094 /* Frameworks */ = {
			isa = PBXFrameworksBuildPhase;
			buildActionMask = 2147483647;
			files = (
			);
			runOnlyForDeploymentPostprocessing = 0;
		};
/* End PBXFrameworksBuildPhase section */

/* Begin PBXGroup section */
		1D40C46A2D45FD8C008E7094 = {
			isa = PBXGroup;
			children = (
				1D40C4752D45FD8C008E7094 /* geesehacks-project */,
				1D40C4862D45FD8D008E7094 /* geesehacks-projectTests */,
				1D40C4902D45FD8D008E7094 /* geesehacks-projectUITests */,
				1D40C4742D45FD8C008E7094 /* Products */,
			);
			sourceTree = "<group>";
		};
		1D40C4742D45FD8C008E7094 /* Products */ = {
			isa = PBXGroup;
			children = (
				1D40C4732D45FD8C008E7094 /* geesehacks-project.app */,
				1D40C4832D45FD8D008E7094 /* geesehacks-projectTests.xctest */,
				1D40C48D2D45FD8D008E7094 /* geesehacks-projectUITests.xctest */,
			);
			name = Products;
			sourceTree = "<group>";
		};
/* End PBXGroup section */

/* Begin PBXNativeTarget section */
		1D40C4722D45FD8C008E7094 /* geesehacks-project */ = {
			isa = PBXNativeTarget;
			buildConfigurationList = 1D40C4972D45FD8D008E7094 /* Build configuration list for PBXNativeTarget "geesehacks-project" */;
			buildPhases = (
				1D40C46F2D45FD8C008E7094 /* Sources */,
				1D40C4702D45FD8C008E7094 /* Frameworks */,
				1D40C4712D45FD8C008E7094 /* Resources */,
			);
			buildRules = (
			);
			dependencies = (
			);
			fileSystemSynchronizedGroups = (
				1D40C4752D45FD8C008E7094 /* geesehacks-project */,
			);
			name = "geesehacks-project";
			packageProductDependencies = (
			);
			productName = "geesehacks-project";
			productReference = 1D40C4732D45FD8C008E7094 /* geesehacks-project.app */;
			productType = "com.apple.product-type.application";
		};
		1D40C4822D45FD8D008E7094 /* geesehacks-projectTests */ = {
			isa = PBXNativeTarget;
			buildConfigurationList = 1D40C49A2D45FD8D008E7094 /* Build configuration list for PBXNativeTarget "geesehacks-projectTests" */;
			buildPhases = (
				1D40C47F2D45FD8D008E7094 /* Sources */,
				1D40C4802D45FD8D008E7094 /* Frameworks */,
				1D40C4812D45FD8D008E7094 /* Resources */,
			);
			buildRules = (
			);
			dependencies = (
				1D40C4852D45FD8D008E7094 /* PBXTargetDependency */,
			);
			fileSystemSynchronizedGroups = (
				1D40C4862D45FD8D008E7094 /* geesehacks-projectTests */,
			);
			name = "geesehacks-projectTests";
			packageProductDependencies = (
			);
			productName = "geesehacks-projectTests";
			productReference = 1D40C4832D45FD8D008E7094 /* geesehacks-projectTests.xctest */;
			productType = "com.apple.product-type.bundle.unit-test";
		};
		1D40C48C2D45FD8D008E7094 /* geesehacks-projectUITests */ = {
			isa = PBXNativeTarget;
			buildConfigurationList = 1D40C49D2D45FD8D008E7094 /* Build configuration list for PBXNativeTarget "geesehacks-projectUITests" */;
			buildPhases = (
				1D40C4892D45FD8D008E7094 /* Sources */,
				1D40C48A2D45FD8D008E7094 /* Frameworks */,
				1D40C48B2D45FD8D008E7094 /* Resources */,
			);
			buildRules = (
			);
			dependencies = (
				1D40C48F2D45FD8D008E7094 /* PBXTargetDependency */,
			);
			fileSystemSynchronizedGroups = (
				1D40C4902D45FD8D008E7094 /* geesehacks-projectUITests */,
			);
			name = "geesehacks-projectUITests";
			packageProductDependencies = (
			);
			productName = "geesehacks-projectUITests";
			productReference = 1D40C48D2D45FD8D008E7094 /* geesehacks-projectUITests.xctest */;
			productType = "com.apple.product-type.bundle.ui-testing";
		};
/* End PBXNativeTarget section */

/* Begin PBXProject section */
		1D40C46B2D45FD8C008E7094 /* Project object */ = {
			isa = PBXProject;
			attributes = {
				BuildIndependentTargetsInParallel = 1;
				LastSwiftUpdateCheck = 1620;
				LastUpgradeCheck = 1620;
				TargetAttributes = {
					1D40C4722D45FD8C008E7094 = {
						CreatedOnToolsVersion = 16.2;
					};
					1D40C4822D45FD8D008E7094 = {
						CreatedOnToolsVersion = 16.2;
						TestTargetID = 1D40C4722D45FD8C008E7094;
					};
					1D40C48C2D45FD8D008E7094 = {
						CreatedOnToolsVersion = 16.2;
						TestTargetID = 1D40C4722D45FD8C008E7094;
					};
				};
			};
			buildConfigurationList = 1D40C46E2D45FD8C008E7094 /* Build configuration list for PBXProject "geesehacks-project" */;
			developmentRegion = en;
			hasScannedForEncodings = 0;
			knownRegions = (
				en,
				Base,
			);
			mainGroup = 1D40C46A2D45FD8C008E7094;
			minimizedProjectReferenceProxies = 1;
			preferredProjectObjectVersion = 77;
			productRefGroup = 1D40C4742D45FD8C008E7094 /* Products */;
			projectDirPath = "";
			projectRoot = "";
			targets = (
				1D40C4722D45FD8C008E7094 /* geesehacks-project */,
				1D40C4822D45FD8D008E7094 /* geesehacks-projectTests */,
				1D40C48C2D45FD8D008E7094 /* geesehacks-projectUITests */,
			);
		};
/* End PBXProject section */

/* Begin PBXResourcesBuildPhase section */
		1D40C4712D45FD8C008E7094 /* Resources */ = {
			isa = PBXResourcesBuildPhase;
			buildActionMask = 2147483647;
			files = (
			);
			runOnlyForDeploymentPostprocessing = 0;
		};
		1D40C4812D45FD8D008E7094 /* Resources */ = {
			isa = PBXResourcesBuildPhase;
			buildActionMask = 2147483647;
			files = (
			);
			runOnlyForDeploymentPostprocessing = 0;
		};
		1D40C48B2D45FD8D008E7094 /* Resources */ = {
			isa = PBXResourcesBuildPhase;
			buildActionMask = 2147483647;
			files = (
			);
			runOnlyForDeploymentPostprocessing = 0;
		};
/* End PBXResourcesBuildPhase section */

/* Begin PBXSourcesBuildPhase section */
		1D40C46F2D45FD8C008E7094 /* Sources */ = {
			isa = PBXSourcesBuildPhase;
			buildActionMask = 2147483647;
			files = (
			);
			runOnlyForDeploymentPostprocessing = 0;
		};
		1D40C47F2D45FD8D008E7094 /* Sources */ = {
			isa = PBXSourcesBuildPhase;
			buildActionMask = 2147483647;
			files = (
			);
			runOnlyForDeploymentPostprocessing = 0;
		};
		1D40C4892D45FD8D008E7094 /* Sources */ = {
			isa = PBXSourcesBuildPhase;
			buildActionMask = 2147483647;
			files = (
			);
			runOnlyForDeploymentPostprocessing = 0;
		};
/* End PBXSourcesBuildPhase section */

/* Begin PBXTargetDependency section */
		1D40C4852D45FD8D008E7094 /* PBXTargetDependency */ = {
			isa = PBXTargetDependency;
			target = 1D40C4722D45FD8C008E7094 /* geesehacks-project */;
			targetProxy = 1D40C4842D45FD8D008E7094 /* PBXContainerItemProxy */;
		};
		1D40C48F2D45FD8D008E7094 /* PBXTargetDependency */ = {
			isa = PBXTargetDependency;
			target = 1D40C4722D45FD8C008E7094 /* geesehacks-project */;
			targetProxy = 1D40C48E2D45FD8D008E7094 /* PBXContainerItemProxy */;
		};
/* End PBXTargetDependency section */

/* Begin XCBuildConfiguration section */
		1D40C4952D45FD8D008E7094 /* Debug */ = {
			isa = XCBuildConfiguration;
			buildSettings = {
				ALWAYS_SEARCH_USER_PATHS = NO;
				ASSETCATALOG_COMPILER_GENERATE_SWIFT_ASSET_SYMBOL_EXTENSIONS = YES;
				CLANG_ANALYZER_NONNULL = YES;
				CLANG_ANALYZER_NUMBER_OBJECT_CONVERSION = YES_AGGRESSIVE;
				CLANG_CXX_LANGUAGE_STANDARD = "gnu++20";
				CLANG_ENABLE_MODULES = YES;
				CLANG_ENABLE_OBJC_ARC = YES;
				CLANG_ENABLE_OBJC_WEAK = YES;
				CLANG_WARN_BLOCK_CAPTURE_AUTORELEASING = YES;
				CLANG_WARN_BOOL_CONVERSION = YES;
				CLANG_WARN_COMMA = YES;
				CLANG_WARN_CONSTANT_CONVERSION = YES;
				CLANG_WARN_DEPRECATED_OBJC_IMPLEMENTATIONS = YES;
				CLANG_WARN_DIRECT_OBJC_ISA_USAGE = YES_ERROR;
				CLANG_WARN_DOCUMENTATION_COMMENTS = YES;
				CLANG_WARN_EMPTY_BODY = YES;
				CLANG_WARN_ENUM_CONVERSION = YES;
				CLANG_WARN_INFINITE_RECURSION = YES;
				CLANG_WARN_INT_CONVERSION = YES;
				CLANG_WARN_NON_LITERAL_NULL_CONVERSION = YES;
				CLANG_WARN_OBJC_IMPLICIT_RETAIN_SELF = YES;
				CLANG_WARN_OBJC_LITERAL_CONVERSION = YES;
				CLANG_WARN_OBJC_ROOT_CLASS = YES_ERROR;
				CLANG_WARN_QUOTED_INCLUDE_IN_FRAMEWORK_HEADER = YES;
				CLANG_WARN_RANGE_LOOP_ANALYSIS = YES;
				CLANG_WARN_STRICT_PROTOTYPES = YES;
				CLANG_WARN_SUSPICIOUS_MOVE = YES;
				CLANG_WARN_UNGUARDED_AVAILABILITY = YES_AGGRESSIVE;
				CLANG_WARN_UNREACHABLE_CODE = YES;
				CLANG_WARN__DUPLICATE_METHOD_MATCH = YES;
				COPY_PHASE_STRIP = NO;
				DEBUG_INFORMATION_FORMAT = dwarf;
				ENABLE_STRICT_OBJC_MSGSEND = YES;
				ENABLE_TESTABILITY = YES;
				ENABLE_USER_SCRIPT_SANDBOXING = YES;
				GCC_C_LANGUAGE_STANDARD = gnu17;
				GCC_DYNAMIC_NO_PIC = NO;
				GCC_NO_COMMON_BLOCKS = YES;
				GCC_OPTIMIZATION_LEVEL = 0;
				GCC_PREPROCESSOR_DEFINITIONS = (
					"DEBUG=1",
					"$(inherited)",
				);
				GCC_WARN_64_TO_32_BIT_CONVERSION = YES;
				GCC_WARN_ABOUT_RETURN_TYPE = YES_ERROR;
				GCC_WARN_UNDECLARED_SELECTOR = YES;
				GCC_WARN_UNINITIALIZED_AUTOS = YES_AGGRESSIVE;
				GCC_WARN_UNUSED_FUNCTION = YES;
				GCC_WARN_UNUSED_VARIABLE = YES;
				IPHONEOS_DEPLOYMENT_TARGET = 18.2;
				LOCALIZATION_PREFERS_STRING_CATALOGS = YES;
				MTL_ENABLE_DEBUG_INFO = INCLUDE_SOURCE;
				MTL_FAST_MATH = YES;
				ONLY_ACTIVE_ARCH = YES;
				SDKROOT = iphoneos;
				SWIFT_ACTIVE_COMPILATION_CONDITIONS = "DEBUG $(inherited)";
				SWIFT_OPTIMIZATION_LEVEL = "-Onone";
			};
			name = Debug;
		};
		1D40C4962D45FD8D008E7094 /* Release */ = {
			isa = XCBuildConfiguration;
			buildSettings = {
				ALWAYS_SEARCH_USER_PATHS = NO;
				ASSETCATALOG_COMPILER_GENERATE_SWIFT_ASSET_SYMBOL_EXTENSIONS = YES;
				CLANG_ANALYZER_NONNULL = YES;
				CLANG_ANALYZER_NUMBER_OBJECT_CONVERSION = YES_AGGRESSIVE;
				CLANG_CXX_LANGUAGE_STANDARD = "gnu++20";
				CLANG_ENABLE_MODULES = YES;
				CLANG_ENABLE_OBJC_ARC = YES;
				CLANG_ENABLE_OBJC_WEAK = YES;
				CLANG_WARN_BLOCK_CAPTURE_AUTORELEASING = YES;
				CLANG_WARN_BOOL_CONVERSION = YES;
				CLANG_WARN_COMMA = YES;
				CLANG_WARN_CONSTANT_CONVERSION = YES;
				CLANG_WARN_DEPRECATED_OBJC_IMPLEMENTATIONS = YES;
				CLANG_WARN_DIRECT_OBJC_ISA_USAGE = YES_ERROR;
				CLANG_WARN_DOCUMENTATION_COMMENTS = YES;
				CLANG_WARN_EMPTY_BODY = YES;
				CLANG_WARN_ENUM_CONVERSION = YES;
				CLANG_WARN_INFINITE_RECURSION = YES;
				CLANG_WARN_INT_CONVERSION = YES;
				CLANG_WARN_NON_LITERAL_NULL_CONVERSION = YES;
				CLANG_WARN_OBJC_IMPLICIT_RETAIN_SELF = YES;
				CLANG_WARN_OBJC_LITERAL_CONVERSION = YES;
				CLANG_WARN_OBJC_ROOT_CLASS = YES_ERROR;
				CLANG_WARN_QUOTED_INCLUDE_IN_FRAMEWORK_HEADER = YES;
				CLANG_WARN_RANGE_LOOP_ANALYSIS = YES;
				CLANG_WARN_STRICT_PROTOTYPES = YES;
				CLANG_WARN_SUSPICIOUS_MOVE = YES;
				CLANG_WARN_UNGUARDED_AVAILABILITY = YES_AGGRESSIVE;
				CLANG_WARN_UNREACHABLE_CODE = YES;
				CLANG_WARN__DUPLICATE_METHOD_MATCH = YES;
				COPY_PHASE_STRIP = NO;
				DEBUG_INFORMATION_FORMAT = "dwarf-with-dsym";
				ENABLE_NS_ASSERTIONS = NO;
				ENABLE_STRICT_OBJC_MSGSEND = YES;
				ENABLE_USER_SCRIPT_SANDBOXING = YES;
				GCC_C_LANGUAGE_STANDARD = gnu17;
				GCC_NO_COMMON_BLOCKS = YES;
				GCC_WARN_64_TO_32_BIT_CONVERSION = YES;
				GCC_WARN_ABOUT_RETURN_TYPE = YES_ERROR;
				GCC_WARN_UNDECLARED_SELECTOR = YES;
				GCC_WARN_UNINITIALIZED_AUTOS = YES_AGGRESSIVE;
				GCC_WARN_UNUSED_FUNCTION = YES;
				GCC_WARN_UNUSED_VARIABLE = YES;
				IPHONEOS_DEPLOYMENT_TARGET = 18.2;
				LOCALIZATION_PREFERS_STRING_CATALOGS = YES;
				MTL_ENABLE_DEBUG_INFO = NO;
				MTL_FAST_MATH = YES;
				SDKROOT = iphoneos;
				SWIFT_COMPILATION_MODE = wholemodule;
				VALIDATE_PRODUCT = YES;
			};
			name = Release;
		};
		1D40C4982D45FD8D008E7094 /* Debug */ = {
			isa = XCBuildConfiguration;
			buildSettings = {
				ASSETCATALOG_COMPILER_APPICON_NAME = AppIcon;
				ASSETCATALOG_COMPILER_GLOBAL_ACCENT_COLOR_NAME = AccentColor;
				CODE_SIGN_STYLE = Automatic;
				CURRENT_PROJECT_VERSION = 1;
				DEVELOPMENT_ASSET_PATHS = "\"geesehacks-project/Preview Content\"";
				ENABLE_PREVIEWS = YES;
				GENERATE_INFOPLIST_FILE = YES;
				INFOPLIST_KEY_UIApplicationSceneManifest_Generation = YES;
				INFOPLIST_KEY_UIApplicationSupportsIndirectInputEvents = YES;
				INFOPLIST_KEY_UILaunchScreen_Generation = YES;
				INFOPLIST_KEY_UISupportedInterfaceOrientations_iPad = "UIInterfaceOrientationPortrait UIInterfaceOrientationPortraitUpsideDown UIInterfaceOrientationLandscapeLeft UIInterfaceOrientationLandscapeRight";
				INFOPLIST_KEY_UISupportedInterfaceOrientations_iPhone = "UIInterfaceOrientationPortrait UIInterfaceOrientationLandscapeLeft UIInterfaceOrientationLandscapeRight";
				LD_RUNPATH_SEARCH_PATHS = (
					"$(inherited)",
					"@executable_path/Frameworks",
				);
				MARKETING_VERSION = 1.0;
				PRODUCT_BUNDLE_IDENTIFIER = "rick.geesehacks-project";
				PRODUCT_NAME = "$(TARGET_NAME)";
				SWIFT_EMIT_LOC_STRINGS = YES;
				SWIFT_VERSION = 5.0;
				TARGETED_DEVICE_FAMILY = "1,2";
			};
			name = Debug;
		};
		1D40C4992D45FD8D008E7094 /* Release */ = {
			isa = XCBuildConfiguration;
			buildSettings = {
				ASSETCATALOG_COMPILER_APPICON_NAME = AppIcon;
				ASSETCATALOG_COMPILER_GLOBAL_ACCENT_COLOR_NAME = AccentColor;
				CODE_SIGN_STYLE = Automatic;
				CURRENT_PROJECT_VERSION = 1;
				DEVELOPMENT_ASSET_PATHS = "\"geesehacks-project/Preview Content\"";
				ENABLE_PREVIEWS = YES;
				GENERATE_INFOPLIST_FILE = YES;
				INFOPLIST_KEY_UIApplicationSceneManifest_Generation = YES;
				INFOPLIST_KEY_UIApplicationSupportsIndirectInputEvents = YES;
				INFOPLIST_KEY_UILaunchScreen_Generation = YES;
				INFOPLIST_KEY_UISupportedInterfaceOrientations_iPad = "UIInterfaceOrientationPortrait UIInterfaceOrientationPortraitUpsideDown UIInterfaceOrientationLandscapeLeft UIInterfaceOrientationLandscapeRight";
				INFOPLIST_KEY_UISupportedInterfaceOrientations_iPhone = "UIInterfaceOrientationPortrait UIInterfaceOrientationLandscapeLeft UIInterfaceOrientationLandscapeRight";
				LD_RUNPATH_SEARCH_PATHS = (
					"$(inherited)",
					"@executable_path/Frameworks",
				);
				MARKETING_VERSION = 1.0;
				PRODUCT_BUNDLE_IDENTIFIER = "rick.geesehacks-project";
				PRODUCT_NAME = "$(TARGET_NAME)";
				SWIFT_EMIT_LOC_STRINGS = YES;
				SWIFT_VERSION = 5.0;
				TARGETED_DEVICE_FAMILY = "1,2";
			};
			name = Release;
		};
		1D40C49B2D45FD8D008E7094 /* Debug */ = {
			isa = XCBuildConfiguration;
			buildSettings = {
				BUNDLE_LOADER = "$(TEST_HOST)";
				CODE_SIGN_STYLE = Automatic;
				CURRENT_PROJECT_VERSION = 1;
				GENERATE_INFOPLIST_FILE = YES;
				IPHONEOS_DEPLOYMENT_TARGET = 18.2;
				MARKETING_VERSION = 1.0;
				PRODUCT_BUNDLE_IDENTIFIER = "rick.geesehacks-projectTests";
				PRODUCT_NAME = "$(TARGET_NAME)";
				SWIFT_EMIT_LOC_STRINGS = NO;
				SWIFT_VERSION = 5.0;
				TARGETED_DEVICE_FAMILY = "1,2";
				TEST_HOST = "$(BUILT_PRODUCTS_DIR)/geesehacks-project.app/$(BUNDLE_EXECUTABLE_FOLDER_PATH)/geesehacks-project";
			};
			name = Debug;
		};
		1D40C49C2D45FD8D008E7094 /* Release */ = {
			isa = XCBuildConfiguration;
			buildSettings = {
				BUNDLE_LOADER = "$(TEST_HOST)";
				CODE_SIGN_STYLE = Automatic;
				CURRENT_PROJECT_VERSION = 1;
				GENERATE_INFOPLIST_FILE = YES;
				IPHONEOS_DEPLOYMENT_TARGET = 18.2;
				MARKETING_VERSION = 1.0;
				PRODUCT_BUNDLE_IDENTIFIER = "rick.geesehacks-projectTests";
				PRODUCT_NAME = "$(TARGET_NAME)";
				SWIFT_EMIT_LOC_STRINGS = NO;
				SWIFT_VERSION = 5.0;
				TARGETED_DEVICE_FAMILY = "1,2";
				TEST_HOST = "$(BUILT_PRODUCTS_DIR)/geesehacks-project.app/$(BUNDLE_EXECUTABLE_FOLDER_PATH)/geesehacks-project";
			};
			name = Release;
		};
		1D40C49E2D45FD8D008E7094 /* Debug */ = {
			isa = XCBuildConfiguration;
			buildSettings = {
				CODE_SIGN_STYLE = Automatic;
				CURRENT_PROJECT_VERSION = 1;
				GENERATE_INFOPLIST_FILE = YES;
				MARKETING_VERSION = 1.0;
				PRODUCT_BUNDLE_IDENTIFIER = "rick.geesehacks-projectUITests";
				PRODUCT_NAME = "$(TARGET_NAME)";
				SWIFT_EMIT_LOC_STRINGS = NO;
				SWIFT_VERSION = 5.0;
				TARGETED_DEVICE_FAMILY = "1,2";
				TEST_TARGET_NAME = "geesehacks-project";
			};
			name = Debug;
		};
		1D40C49F2D45FD8D008E7094 /* Release */ = {
			isa = XCBuildConfiguration;
			buildSettings = {
				CODE_SIGN_STYLE = Automatic;
				CURRENT_PROJECT_VERSION = 1;
				GENERATE_INFOPLIST_FILE = YES;
				MARKETING_VERSION = 1.0;
				PRODUCT_BUNDLE_IDENTIFIER = "rick.geesehacks-projectUITests";
				PRODUCT_NAME = "$(TARGET_NAME)";
				SWIFT_EMIT_LOC_STRINGS = NO;
				SWIFT_VERSION = 5.0;
				TARGETED_DEVICE_FAMILY = "1,2";
				TEST_TARGET_NAME = "geesehacks-project";
			};
			name = Release;
		};
/* End XCBuildConfiguration section */

/* Begin XCConfigurationList section */
		1D40C46E2D45FD8C008E7094 /* Build configuration list for PBXProject "geesehacks-project" */ = {
			isa = XCConfigurationList;
			buildConfigurations = (
				1D40C4952D45FD8D008E7094 /* Debug */,
				1D40C4962D45FD8D008E7094 /* Release */,
			);
			defaultConfigurationIsVisible = 0;
			defaultConfigurationName = Release;
		};
		1D40C4972D45FD8D008E7094 /* Build configuration list for PBXNativeTarget "geesehacks-project" */ = {
			isa = XCConfigurationList;
			buildConfigurations = (
				1D40C4982D45FD8D008E7094 /* Debug */,
				1D40C4992D45FD8D008E7094 /* Release */,
			);
			defaultConfigurationIsVisible = 0;
			defaultConfigurationName = Release;
		};
		1D40C49A2D45FD8D008E7094 /* Build configuration list for PBXNativeTarget "geesehacks-projectTests" */ = {
			isa = XCConfigurationList;
			buildConfigurations = (
				1D40C49B2D45FD8D008E7094 /* Debug */,
				1D40C49C2D45FD8D008E7094 /* Release */,
			);
			defaultConfigurationIsVisible = 0;
			defaultConfigurationName = Release;
		};
		1D40C49D2D45FD8D008E7094 /* Build configuration list for PBXNativeTarget "geesehacks-projectUITests" */ = {
			isa = XCConfigurationList;
			buildConfigurations = (
				1D40C49E2D45FD8D008E7094 /* Debug */,
				1D40C49F2D45FD8D008E7094 /* Release */,
			);
			defaultConfigurationIsVisible = 0;
			defaultConfigurationName = Release;
		};
/* End XCConfigurationList section */
	};
	rootObject = 1D40C46B2D45FD8C008E7094 /* Project object */;
}
